
Microsoft Visual Studio Solution File, Format Version 12.00
# Visual Studio Version 17
VisualStudioVersion = 17.7.34221.43
MinimumVisualStudioVersion = 10.0.40219.1
Project("{9A19103F-16F7-4668-BE54-9A1E7A4F7556}") = "App", "Presentation\App.csproj", "{54ED0D64-8F8F-4D81-AA51-F2206F16B789}"
EndProject
Project("{9A19103F-16F7-4668-BE54-9A1E7A4F7556}") = "Models", "Models\Models.csproj", "{E8AFBF10-E636-41AC-988A-53F0B627C014}"
EndProject
Project("{9A19103F-16F7-4668-BE54-9A1E7A4F7556}") = "DAL", "Data\DAL.csproj", "{DE200D12-F474-494E-A244-4117164B8212}"
EndProject
Project("{9A19103F-16F7-4668-BE54-9A1E7A4F7556}") = "Utilities", "Utilities\Utilities.csproj", "{6DA0B104-9B84-4F76-925B-EADF56C08F15}"
EndProject
Project("{9A19103F-16F7-4668-BE54-9A1E7A4F7556}") = "BLL", "Business\BLL.csproj", "{6879FA42-178F-416E-A62E-4F086F09BA42}"
EndProject
Project("{9A19103F-16F7-4668-BE54-9A1E7A4F7556}") = "LQuery", "LQuery\LQuery.csproj", "{1BD8533F-17B6-4E21-9565-E44684F0446C}"
EndProject
Global
	GlobalSection(SolutionConfigurationPlatforms) = preSolution
		Debug|Any CPU = Debug|Any CPU
		Release|Any CPU = Release|Any CPU
	EndGlobalSection
	GlobalSection(ProjectConfigurationPlatforms) = postSolution
		{54ED0D64-8F8F-4D81-AA51-F2206F16B789}.Debug|Any CPU.ActiveCfg = Debug|Any CPU
		{54ED0D64-8F8F-4D81-AA51-F2206F16B789}.Debug|Any CPU.Build.0 = Debug|Any CPU
		{54ED0D64-8F8F-4D81-AA51-F2206F16B789}.Release|Any CPU.ActiveCfg = Release|Any CPU
		{54ED0D64-8F8F-4D81-AA51-F2206F16B789}.Release|Any CPU.Build.0 = Release|Any CPU
		{E8AFBF10-E636-41AC-988A-53F0B627C014}.Debug|Any CPU.ActiveCfg = Debug|Any CPU
		{E8AFBF10-E636-41AC-988A-53F0B627C014}.Debug|Any CPU.Build.0 = Debug|Any CPU
		{E8AFBF10-E636-41AC-988A-53F0B627C014}.Release|Any CPU.ActiveCfg = Release|Any CPU
		{E8AFBF10-E636-41AC-988A-53F0B627C014}.Release|Any CPU.Build.0 = Release|Any CPU
		{DE200D12-F474-494E-A244-4117164B8212}.Debug|Any CPU.ActiveCfg = Debug|Any CPU
		{DE200D12-F474-494E-A244-4117164B8212}.Debug|Any CPU.Build.0 = Debug|Any CPU
		{DE200D12-F474-494E-A244-4117164B8212}.Release|Any CPU.ActiveCfg = Release|Any CPU
		{DE200D12-F474-494E-A244-4117164B8212}.Release|Any CPU.Build.0 = Release|Any CPU
		{6DA0B104-9B84-4F76-925B-EADF56C08F15}.Debug|Any CPU.ActiveCfg = Debug|Any CPU
		{6DA0B104-9B84-4F76-925B-EADF56C08F15}.Debug|Any CPU.Build.0 = Debug|Any CPU
		{6DA0B104-9B84-4F76-925B-EADF56C08F15}.Release|Any CPU.ActiveCfg = Release|Any CPU
		{6DA0B104-9B84-4F76-925B-EADF56C08F15}.Release|Any CPU.Build.0 = Release|Any CPU
		{6879FA42-178F-416E-A62E-4F086F09BA42}.Debug|Any CPU.ActiveCfg = Debug|Any CPU
		{6879FA42-178F-416E-A62E-4F086F09BA42}.Debug|Any CPU.Build.0 = Debug|Any CPU
		{6879FA42-178F-416E-A62E-4F086F09BA42}.Release|Any CPU.ActiveCfg = Release|Any CPU
		{6879FA42-178F-416E-A62E-4F086F09BA42}.Release|Any CPU.Build.0 = Release|Any CPU
		{1BD8533F-17B6-4E21-9565-E44684F0446C}.Debug|Any CPU.ActiveCfg = Debug|Any CPU
		{1BD8533F-17B6-4E21-9565-E44684F0446C}.Debug|Any CPU.Build.0 = Debug|Any CPU
		{1BD8533F-17B6-4E21-9565-E44684F0446C}.Release|Any CPU.ActiveCfg = Release|Any CPU
		{1BD8533F-17B6-4E21-9565-E44684F0446C}.Release|Any CPU.Build.0 = Release|Any CPU
	EndGlobalSection
	GlobalSection(SolutionProperties) = preSolution
		HideSolutionNode = FALSE
	EndGlobalSection
	GlobalSection(ExtensibilityGlobals) = postSolution
		SolutionGuid = {74B355B5-8FB5-4A72-A365-225B5A2FE033}
	EndGlobalSection
EndGlobal
